
Microsoft Visual Studio Solution File, Format Version 12.00
# Visual Studio Version 16
VisualStudioVersion = 16.0.31702.278
MinimumVisualStudioVersion = 10.0.40219.1
Project("{8BC9CEB8-8B4A-11D0-8D11-00A0C91BC942}") = "hw3d", "hw3d\hw3d.vcxproj", "{D03B0F47-5C5B-48F6-B61C-325E4EA599D2}"
EndProject
Global
	GlobalSection(SolutionConfigurationPlatforms) = preSolution
		Debug|x64 = Debug|x64
		Debug|x86 = Debug|x86
		Release|x64 = Release|x64
		Release|x86 = Release|x86
	EndGlobalSection
	GlobalSection(ProjectConfigurationPlatforms) = postSolution
		{D03B0F47-5C5B-48F6-B61C-325E4EA599D2}.Debug|x64.ActiveCfg = Debug|x64
		{D03B0F47-5C5B-48F6-B61C-325E4EA599D2}.Debug|x64.Build.0 = Debug|x64
		{D03B0F47-5C5B-48F6-B61C-325E4EA599D2}.Debug|x86.ActiveCfg = Debug|Win32
		{D03B0F47-5C5B-48F6-B61C-325E4EA599D2}.Debug|x86.Build.0 = Debug|Win32
		{D03B0F47-5C5B-48F6-B61C-325E4EA599D2}.Release|x64.ActiveCfg = Release|x64
		{D03B0F47-5C5B-48F6-B61C-325E4EA599D2}.Release|x64.Build.0 = Release|x64
		{D03B0F47-5C5B-48F6-B61C-325E4EA599D2}.Release|x86.ActiveCfg = Release|Win32
		{D03B0F47-5C5B-48F6-B61C-325E4EA599D2}.Release|x86.Build.0 = Release|Win32
	EndGlobalSection
	GlobalSection(SolutionProperties) = preSolution
		HideSolutionNode = FALSE
	EndGlobalSection
	GlobalSection(ExtensibilityGlobals) = postSolution
		SolutionGuid = {F0294022-02EA-4232-93D4-398DAF5E1A2A}
	EndGlobalSection
EndGlobal
